
Microsoft Visual Studio Solution File, Format Version 12.00
# Visual Studio 15
VisualStudioVersion = 15.0.28307.902
MinimumVisualStudioVersion = 10.0.40219.1
Project("{FAE04EC0-301F-11D3-BF4B-00C04F79EFBC}") = "lexCalculator", "lexCalculator\lexCalculator.csproj", "{261E9A24-5074-437B-88A8-BB101E1722AC}"
EndProject
Project("{FAE04EC0-301F-11D3-BF4B-00C04F79EFBC}") = "lexCalculator.TestApp", "lexCalculator.TestApp\lexCalculator.TestApp.csproj", "{C4C313C5-5754-48A0-BA18-004D9678FB0F}"
	ProjectSection(ProjectDependencies) = postProject
		{261E9A24-5074-437B-88A8-BB101E1722AC} = {261E9A24-5074-437B-88A8-BB101E1722AC}
	EndProjectSection
EndProject
Project("{FAE04EC0-301F-11D3-BF4B-00C04F79EFBC}") = "lexInterpreter", "lexInterpreter\lexInterpreter.csproj", "{55153133-E2E6-49E8-AC5E-739DD21229FD}"
EndProject
Global
	GlobalSection(SolutionConfigurationPlatforms) = preSolution
		Debug|Any CPU = Debug|Any CPU
		Debug|x64 = Debug|x64
		Debug|x86 = Debug|x86
		Release|Any CPU = Release|Any CPU
		Release|x64 = Release|x64
		Release|x86 = Release|x86
	EndGlobalSection
	GlobalSection(ProjectConfigurationPlatforms) = postSolution
		{261E9A24-5074-437B-88A8-BB101E1722AC}.Debug|Any CPU.ActiveCfg = Debug|Any CPU
		{261E9A24-5074-437B-88A8-BB101E1722AC}.Debug|Any CPU.Build.0 = Debug|Any CPU
		{261E9A24-5074-437B-88A8-BB101E1722AC}.Debug|x64.ActiveCfg = Debug|Any CPU
		{261E9A24-5074-437B-88A8-BB101E1722AC}.Debug|x64.Build.0 = Debug|Any CPU
		{261E9A24-5074-437B-88A8-BB101E1722AC}.Debug|x86.ActiveCfg = Debug|Any CPU
		{261E9A24-5074-437B-88A8-BB101E1722AC}.Debug|x86.Build.0 = Debug|Any CPU
		{261E9A24-5074-437B-88A8-BB101E1722AC}.Release|Any CPU.ActiveCfg = Release|Any CPU
		{261E9A24-5074-437B-88A8-BB101E1722AC}.Release|Any CPU.Build.0 = Release|Any CPU
		{261E9A24-5074-437B-88A8-BB101E1722AC}.Release|x64.ActiveCfg = Release|Any CPU
		{261E9A24-5074-437B-88A8-BB101E1722AC}.Release|x64.Build.0 = Release|Any CPU
		{261E9A24-5074-437B-88A8-BB101E1722AC}.Release|x86.ActiveCfg = Release|Any CPU
		{261E9A24-5074-437B-88A8-BB101E1722AC}.Release|x86.Build.0 = Release|Any CPU
		{C4C313C5-5754-48A0-BA18-004D9678FB0F}.Debug|Any CPU.ActiveCfg = Debug|Any CPU
		{C4C313C5-5754-48A0-BA18-004D9678FB0F}.Debug|Any CPU.Build.0 = Debug|Any CPU
		{C4C313C5-5754-48A0-BA18-004D9678FB0F}.Debug|x64.ActiveCfg = Debug|Any CPU
		{C4C313C5-5754-48A0-BA18-004D9678FB0F}.Debug|x64.Build.0 = Debug|Any CPU
		{C4C313C5-5754-48A0-BA18-004D9678FB0F}.Debug|x86.ActiveCfg = Debug|Any CPU
		{C4C313C5-5754-48A0-BA18-004D9678FB0F}.Debug|x86.Build.0 = Debug|Any CPU
		{C4C313C5-5754-48A0-BA18-004D9678FB0F}.Release|Any CPU.ActiveCfg = Release|Any CPU
		{C4C313C5-5754-48A0-BA18-004D9678FB0F}.Release|Any CPU.Build.0 = Release|Any CPU
		{C4C313C5-5754-48A0-BA18-004D9678FB0F}.Release|x64.ActiveCfg = Release|Any CPU
		{C4C313C5-5754-48A0-BA18-004D9678FB0F}.Release|x64.Build.0 = Release|Any CPU
		{C4C313C5-5754-48A0-BA18-004D9678FB0F}.Release|x86.ActiveCfg = Release|Any CPU
		{C4C313C5-5754-48A0-BA18-004D9678FB0F}.Release|x86.Build.0 = Release|Any CPU
		{55153133-E2E6-49E8-AC5E-739DD21229FD}.Debug|Any CPU.ActiveCfg = Debug|Any CPU
		{55153133-E2E6-49E8-AC5E-739DD21229FD}.Debug|Any CPU.Build.0 = Debug|Any CPU
		{55153133-E2E6-49E8-AC5E-739DD21229FD}.Debug|x64.ActiveCfg = Debug|Any CPU
		{55153133-E2E6-49E8-AC5E-739DD21229FD}.Debug|x64.Build.0 = Debug|Any CPU
		{55153133-E2E6-49E8-AC5E-739DD21229FD}.Debug|x86.ActiveCfg = Debug|Any CPU
		{55153133-E2E6-49E8-AC5E-739DD21229FD}.Debug|x86.Build.0 = Debug|Any CPU
		{55153133-E2E6-49E8-AC5E-739DD21229FD}.Release|Any CPU.ActiveCfg = Release|Any CPU
		{55153133-E2E6-49E8-AC5E-739DD21229FD}.Release|Any CPU.Build.0 = Release|Any CPU
		{55153133-E2E6-49E8-AC5E-739DD21229FD}.Release|x64.ActiveCfg = Release|Any CPU
		{55153133-E2E6-49E8-AC5E-739DD21229FD}.Release|x64.Build.0 = Release|Any CPU
		{55153133-E2E6-49E8-AC5E-739DD21229FD}.Release|x86.ActiveCfg = Release|Any CPU
		{55153133-E2E6-49E8-AC5E-739DD21229FD}.Release|x86.Build.0 = Release|Any CPU
	EndGlobalSection
	GlobalSection(SolutionProperties) = preSolution
		HideSolutionNode = FALSE
	EndGlobalSection
	GlobalSection(ExtensibilityGlobals) = postSolution
		SolutionGuid = {8785D13D-5B67-4155-B521-88E4E72D7EFA}
	EndGlobalSection
EndGlobal
